
Microsoft Visual Studio Solution File, Format Version 12.00
# Visual Studio 14
VisualStudioVersion = 14.0.23107.0
MinimumVisualStudioVersion = 10.0.40219.1
Project("{FAE04EC0-301F-11D3-BF4B-00C04F79EFBC}") = "MovieRentals", "MovieRentals\MovieRentals.csproj", "{890E439A-2370-4A12-AE74-E5E8662FBBFC}"
EndProject
Project("{FAE04EC0-301F-11D3-BF4B-00C04F79EFBC}") = "DatabaseSeeder", "DatabaseSeeder\DatabaseSeeder.csproj", "{427A5B63-38C5-4344-B4EE-EA417A064F23}"
EndProject
Global
	GlobalSection(SolutionConfigurationPlatforms) = preSolution
		Debug|Any CPU = Debug|Any CPU
		Release|Any CPU = Release|Any CPU
	EndGlobalSection
	GlobalSection(ProjectConfigurationPlatforms) = postSolution
		{890E439A-2370-4A12-AE74-E5E8662FBBFC}.Debug|Any CPU.ActiveCfg = Debug|Any CPU
		{890E439A-2370-4A12-AE74-E5E8662FBBFC}.Debug|Any CPU.Build.0 = Debug|Any CPU
		{890E439A-2370-4A12-AE74-E5E8662FBBFC}.Release|Any CPU.ActiveCfg = Release|Any CPU
		{890E439A-2370-4A12-AE74-E5E8662FBBFC}.Release|Any CPU.Build.0 = Release|Any CPU
		{427A5B63-38C5-4344-B4EE-EA417A064F23}.Debug|Any CPU.ActiveCfg = Debug|Any CPU
		{427A5B63-38C5-4344-B4EE-EA417A064F23}.Debug|Any CPU.Build.0 = Debug|Any CPU
		{427A5B63-38C5-4344-B4EE-EA417A064F23}.Release|Any CPU.ActiveCfg = Release|Any CPU
		{427A5B63-38C5-4344-B4EE-EA417A064F23}.Release|Any CPU.Build.0 = Release|Any CPU
	EndGlobalSection
	GlobalSection(SolutionProperties) = preSolution
		HideSolutionNode = FALSE
	EndGlobalSection
EndGlobal
